
Microsoft Visual Studio Solution File, Format Version 12.00
# Visual Studio 15
VisualStudioVersion = 15.0.28010.2026
MinimumVisualStudioVersion = 10.0.40219.1
Project("{FAE04EC0-301F-11D3-BF4B-00C04F79EFBC}") = "Executer", "LabTap2\Executer.csproj", "{8CEA0CD2-99CE-49F9-B4C3-ABDC9DD288EB}"
EndProject
Project("{FAE04EC0-301F-11D3-BF4B-00C04F79EFBC}") = "MyAttribute", "MyAttribute\MyAttribute.csproj", "{731E6DB5-F06C-46F9-AA4C-697D86CAACAC}"
EndProject
Project("{FAE04EC0-301F-11D3-BF4B-00C04F79EFBC}") = "MyLibrary", "MyLibrary\MyLibrary.csproj", "{77898BF5-963B-43FA-AC36-D76D67A79533}"
EndProject
Global
	GlobalSection(SolutionConfigurationPlatforms) = preSolution
		Debug|Any CPU = Debug|Any CPU
		Release|Any CPU = Release|Any CPU
	EndGlobalSection
	GlobalSection(ProjectConfigurationPlatforms) = postSolution
		{8CEA0CD2-99CE-49F9-B4C3-ABDC9DD288EB}.Debug|Any CPU.ActiveCfg = Debug|Any CPU
		{8CEA0CD2-99CE-49F9-B4C3-ABDC9DD288EB}.Debug|Any CPU.Build.0 = Debug|Any CPU
		{8CEA0CD2-99CE-49F9-B4C3-ABDC9DD288EB}.Release|Any CPU.ActiveCfg = Release|Any CPU
		{8CEA0CD2-99CE-49F9-B4C3-ABDC9DD288EB}.Release|Any CPU.Build.0 = Release|Any CPU
		{731E6DB5-F06C-46F9-AA4C-697D86CAACAC}.Debug|Any CPU.ActiveCfg = Debug|Any CPU
		{731E6DB5-F06C-46F9-AA4C-697D86CAACAC}.Debug|Any CPU.Build.0 = Debug|Any CPU
		{731E6DB5-F06C-46F9-AA4C-697D86CAACAC}.Release|Any CPU.ActiveCfg = Release|Any CPU
		{731E6DB5-F06C-46F9-AA4C-697D86CAACAC}.Release|Any CPU.Build.0 = Release|Any CPU
		{77898BF5-963B-43FA-AC36-D76D67A79533}.Debug|Any CPU.ActiveCfg = Debug|Any CPU
		{77898BF5-963B-43FA-AC36-D76D67A79533}.Debug|Any CPU.Build.0 = Debug|Any CPU
		{77898BF5-963B-43FA-AC36-D76D67A79533}.Release|Any CPU.ActiveCfg = Release|Any CPU
		{77898BF5-963B-43FA-AC36-D76D67A79533}.Release|Any CPU.Build.0 = Release|Any CPU
	EndGlobalSection
	GlobalSection(SolutionProperties) = preSolution
		HideSolutionNode = FALSE
	EndGlobalSection
	GlobalSection(ExtensibilityGlobals) = postSolution
		SolutionGuid = {6CC8D4FC-3FC4-4928-A25C-1FAA17E0D5DD}
	EndGlobalSection
EndGlobal
